
Microsoft Visual Studio Solution File, Format Version 12.00
# Visual Studio Version 17
VisualStudioVersion = 17.1.32421.90
MinimumVisualStudioVersion = 10.0.40219.1
Project("{FAE04EC0-301F-11D3-BF4B-00C04F79EFBC}") = "booleans", "booleans\booleans.csproj", "{26940353-AC8B-4503-B695-E702D14611DF}"
EndProject
Global
	GlobalSection(SolutionConfigurationPlatforms) = preSolution
		Debug|Any CPU = Debug|Any CPU
		Release|Any CPU = Release|Any CPU
	EndGlobalSection
	GlobalSection(ProjectConfigurationPlatforms) = postSolution
		{26940353-AC8B-4503-B695-E702D14611DF}.Debug|Any CPU.ActiveCfg = Debug|Any CPU
		{26940353-AC8B-4503-B695-E702D14611DF}.Debug|Any CPU.Build.0 = Debug|Any CPU
		{26940353-AC8B-4503-B695-E702D14611DF}.Release|Any CPU.ActiveCfg = Release|Any CPU
		{26940353-AC8B-4503-B695-E702D14611DF}.Release|Any CPU.Build.0 = Release|Any CPU
	EndGlobalSection
	GlobalSection(SolutionProperties) = preSolution
		HideSolutionNode = FALSE
	EndGlobalSection
	GlobalSection(ExtensibilityGlobals) = postSolution
		SolutionGuid = {97807AE6-9520-4CB7-9B57-6687529068A1}
	EndGlobalSection
EndGlobal
