
Microsoft Visual Studio Solution File, Format Version 12.00
# Visual Studio Version 17
VisualStudioVersion = 17.1.32421.90
MinimumVisualStudioVersion = 10.0.40219.1
Project("{FAE04EC0-301F-11D3-BF4B-00C04F79EFBC}") = "classMethod3", "classMethod3.csproj", "{E9FB1B83-B02C-443C-860F-1A7A7ECF0268}"
EndProject
Global
	GlobalSection(SolutionConfigurationPlatforms) = preSolution
		Debug|Any CPU = Debug|Any CPU
		Release|Any CPU = Release|Any CPU
	EndGlobalSection
	GlobalSection(ProjectConfigurationPlatforms) = postSolution
		{E9FB1B83-B02C-443C-860F-1A7A7ECF0268}.Debug|Any CPU.ActiveCfg = Debug|Any CPU
		{E9FB1B83-B02C-443C-860F-1A7A7ECF0268}.Debug|Any CPU.Build.0 = Debug|Any CPU
		{E9FB1B83-B02C-443C-860F-1A7A7ECF0268}.Release|Any CPU.ActiveCfg = Release|Any CPU
		{E9FB1B83-B02C-443C-860F-1A7A7ECF0268}.Release|Any CPU.Build.0 = Release|Any CPU
	EndGlobalSection
	GlobalSection(SolutionProperties) = preSolution
		HideSolutionNode = FALSE
	EndGlobalSection
	GlobalSection(ExtensibilityGlobals) = postSolution
		SolutionGuid = {FE865E4E-6A1C-43EB-AE03-8B403FB42B1F}
	EndGlobalSection
EndGlobal
