
Microsoft Visual Studio Solution File, Format Version 12.00
# Visual Studio Version 17
VisualStudioVersion = 17.3.32929.385
MinimumVisualStudioVersion = 10.0.40219.1
Project("{FAE04EC0-301F-11D3-BF4B-00C04F79EFBC}") = "finalChallenge", "finalChallenge.csproj", "{ABD8982F-7514-4491-93A6-B1BABFA98586}"
EndProject
Global
	GlobalSection(SolutionConfigurationPlatforms) = preSolution
		Debug|Any CPU = Debug|Any CPU
		Release|Any CPU = Release|Any CPU
	EndGlobalSection
	GlobalSection(ProjectConfigurationPlatforms) = postSolution
		{ABD8982F-7514-4491-93A6-B1BABFA98586}.Debug|Any CPU.ActiveCfg = Debug|Any CPU
		{ABD8982F-7514-4491-93A6-B1BABFA98586}.Debug|Any CPU.Build.0 = Debug|Any CPU
		{ABD8982F-7514-4491-93A6-B1BABFA98586}.Release|Any CPU.ActiveCfg = Release|Any CPU
		{ABD8982F-7514-4491-93A6-B1BABFA98586}.Release|Any CPU.Build.0 = Release|Any CPU
	EndGlobalSection
	GlobalSection(SolutionProperties) = preSolution
		HideSolutionNode = FALSE
	EndGlobalSection
	GlobalSection(ExtensibilityGlobals) = postSolution
		SolutionGuid = {F016C1EF-002B-483B-AAB3-D7F3D89FCBE9}
	EndGlobalSection
EndGlobal
