
Microsoft Visual Studio Solution File, Format Version 12.00
# Visual Studio Version 17
VisualStudioVersion = 17.3.32929.385
MinimumVisualStudioVersion = 10.0.40219.1
Project("{FAE04EC0-301F-11D3-BF4B-00C04F79EFBC}") = "finalAssignment_studentCodeFirst", "finalAssignment_studentCodeFirst.csproj", "{016C18E3-28C4-4F85-BFCA-E1DBAB364BDB}"
EndProject
Global
	GlobalSection(SolutionConfigurationPlatforms) = preSolution
		Debug|Any CPU = Debug|Any CPU
		Release|Any CPU = Release|Any CPU
	EndGlobalSection
	GlobalSection(ProjectConfigurationPlatforms) = postSolution
		{016C18E3-28C4-4F85-BFCA-E1DBAB364BDB}.Debug|Any CPU.ActiveCfg = Debug|Any CPU
		{016C18E3-28C4-4F85-BFCA-E1DBAB364BDB}.Debug|Any CPU.Build.0 = Debug|Any CPU
		{016C18E3-28C4-4F85-BFCA-E1DBAB364BDB}.Release|Any CPU.ActiveCfg = Release|Any CPU
		{016C18E3-28C4-4F85-BFCA-E1DBAB364BDB}.Release|Any CPU.Build.0 = Release|Any CPU
	EndGlobalSection
	GlobalSection(SolutionProperties) = preSolution
		HideSolutionNode = FALSE
	EndGlobalSection
	GlobalSection(ExtensibilityGlobals) = postSolution
		SolutionGuid = {9C259686-DCDD-43A4-B77C-80CA4C40D4A8}
	EndGlobalSection
EndGlobal
