
Microsoft Visual Studio Solution File, Format Version 12.00
# Visual Studio Version 17
VisualStudioVersion = 17.1.32421.90
MinimumVisualStudioVersion = 10.0.40219.1
Project("{FAE04EC0-301F-11D3-BF4B-00C04F79EFBC}") = "personInheritance", "personInheritance.csproj", "{D40B82F1-AD80-4C73-967A-B49672550DF3}"
EndProject
Global
	GlobalSection(SolutionConfigurationPlatforms) = preSolution
		Debug|Any CPU = Debug|Any CPU
		Release|Any CPU = Release|Any CPU
	EndGlobalSection
	GlobalSection(ProjectConfigurationPlatforms) = postSolution
		{D40B82F1-AD80-4C73-967A-B49672550DF3}.Debug|Any CPU.ActiveCfg = Debug|Any CPU
		{D40B82F1-AD80-4C73-967A-B49672550DF3}.Debug|Any CPU.Build.0 = Debug|Any CPU
		{D40B82F1-AD80-4C73-967A-B49672550DF3}.Release|Any CPU.ActiveCfg = Release|Any CPU
		{D40B82F1-AD80-4C73-967A-B49672550DF3}.Release|Any CPU.Build.0 = Release|Any CPU
	EndGlobalSection
	GlobalSection(SolutionProperties) = preSolution
		HideSolutionNode = FALSE
	EndGlobalSection
	GlobalSection(ExtensibilityGlobals) = postSolution
		SolutionGuid = {3D3D2703-188C-4C12-9B54-DE1A8F737598}
	EndGlobalSection
EndGlobal
